# DO NOT EDIT MANUALLY - Managed by Fern Replay
version: "1.0"
generations:
  - commit_sha: de84aea5adc2dc30e12a26325bbf60cad7e70821
    tree_hash: 6070faec173ba03322499adf5ba73a03a83c2764
    timestamp: 2026-08-26T02:15:36.720Z
    cli_version: unknown
    generator_versions: {}
current_generation: de84aea5adc2dc30e12a26325bbf60cad7e70821
patches: []
